
Microsoft Visual Studio Solution File, Format Version 12.00
# Visual Studio Version 17
VisualStudioVersion = 17.8.34309.116
MinimumVisualStudioVersion = 10.0.40219.1
Project("{9A19103F-16F7-4668-BE54-9A1E7A4F7556}") = "Popfake.Data", "Popfake.Data\Popfake.Data.csproj", "{7F76DF26-53D0-4CB6-99DC-17BE65C0EFFF}"
EndProject
Project("{9A19103F-16F7-4668-BE54-9A1E7A4F7556}") = "Popfake.Models", "Popfake.Models\Popfake.Models.csproj", "{34E9E755-3EC2-4D39-BF68-CE52BC15801A}"
EndProject
Project("{9A19103F-16F7-4668-BE54-9A1E7A4F7556}") = "Popfake.Services", "Popfake.Services\Popfake.Services.csproj", "{C814A832-855F-477E-9B35-FC730D003F85}"
EndProject
Project("{9A19103F-16F7-4668-BE54-9A1E7A4F7556}") = "Popfake.Web", "Popfake.Web\Popfake.Web.csproj", "{EDE2FA04-AABA-4AE3-BFBA-F27BC083630B}"
EndProject
Project("{9A19103F-16F7-4668-BE54-9A1E7A4F7556}") = "Popfake.Repository", "Popfake.Repository\Popfake.Repository.csproj", "{7F022526-5073-4D39-B529-1DBC207A3086}"
EndProject
Global
	GlobalSection(SolutionConfigurationPlatforms) = preSolution
		Debug|Any CPU = Debug|Any CPU
		Release|Any CPU = Release|Any CPU
	EndGlobalSection
	GlobalSection(ProjectConfigurationPlatforms) = postSolution
		{7F76DF26-53D0-4CB6-99DC-17BE65C0EFFF}.Debug|Any CPU.ActiveCfg = Debug|Any CPU
		{7F76DF26-53D0-4CB6-99DC-17BE65C0EFFF}.Debug|Any CPU.Build.0 = Debug|Any CPU
		{7F76DF26-53D0-4CB6-99DC-17BE65C0EFFF}.Release|Any CPU.ActiveCfg = Release|Any CPU
		{7F76DF26-53D0-4CB6-99DC-17BE65C0EFFF}.Release|Any CPU.Build.0 = Release|Any CPU
		{34E9E755-3EC2-4D39-BF68-CE52BC15801A}.Debug|Any CPU.ActiveCfg = Debug|Any CPU
		{34E9E755-3EC2-4D39-BF68-CE52BC15801A}.Debug|Any CPU.Build.0 = Debug|Any CPU
		{34E9E755-3EC2-4D39-BF68-CE52BC15801A}.Release|Any CPU.ActiveCfg = Release|Any CPU
		{34E9E755-3EC2-4D39-BF68-CE52BC15801A}.Release|Any CPU.Build.0 = Release|Any CPU
		{C814A832-855F-477E-9B35-FC730D003F85}.Debug|Any CPU.ActiveCfg = Debug|Any CPU
		{C814A832-855F-477E-9B35-FC730D003F85}.Debug|Any CPU.Build.0 = Debug|Any CPU
		{C814A832-855F-477E-9B35-FC730D003F85}.Release|Any CPU.ActiveCfg = Release|Any CPU
		{C814A832-855F-477E-9B35-FC730D003F85}.Release|Any CPU.Build.0 = Release|Any CPU
		{EDE2FA04-AABA-4AE3-BFBA-F27BC083630B}.Debug|Any CPU.ActiveCfg = Debug|Any CPU
		{EDE2FA04-AABA-4AE3-BFBA-F27BC083630B}.Debug|Any CPU.Build.0 = Debug|Any CPU
		{EDE2FA04-AABA-4AE3-BFBA-F27BC083630B}.Release|Any CPU.ActiveCfg = Release|Any CPU
		{EDE2FA04-AABA-4AE3-BFBA-F27BC083630B}.Release|Any CPU.Build.0 = Release|Any CPU
		{7F022526-5073-4D39-B529-1DBC207A3086}.Debug|Any CPU.ActiveCfg = Debug|Any CPU
		{7F022526-5073-4D39-B529-1DBC207A3086}.Debug|Any CPU.Build.0 = Debug|Any CPU
		{7F022526-5073-4D39-B529-1DBC207A3086}.Release|Any CPU.ActiveCfg = Release|Any CPU
		{7F022526-5073-4D39-B529-1DBC207A3086}.Release|Any CPU.Build.0 = Release|Any CPU
	EndGlobalSection
	GlobalSection(SolutionProperties) = preSolution
		HideSolutionNode = FALSE
	EndGlobalSection
	GlobalSection(ExtensibilityGlobals) = postSolution
		SolutionGuid = {B2E6C3AA-8255-4CD7-86BC-BC39E2AF94C2}
	EndGlobalSection
EndGlobal
